
Microsoft Visual Studio Solution File, Format Version 12.00
# Visual Studio 15
VisualStudioVersion = 15.0.27130.2020
MinimumVisualStudioVersion = 10.0.40219.1
Project("{FAE04EC0-301F-11D3-BF4B-00C04F79EFBC}") = "TtlChanger", "TtlChanger\TtlChanger.csproj", "{D2909984-ACBE-4D38-B61A-20B91CED85EB}"
EndProject
Global
	GlobalSection(SolutionConfigurationPlatforms) = preSolution
		Debug|Any CPU = Debug|Any CPU
		Release|Any CPU = Release|Any CPU
	EndGlobalSection
	GlobalSection(ProjectConfigurationPlatforms) = postSolution
		{D2909984-ACBE-4D38-B61A-20B91CED85EB}.Debug|Any CPU.ActiveCfg = Debug|Any CPU
		{D2909984-ACBE-4D38-B61A-20B91CED85EB}.Debug|Any CPU.Build.0 = Debug|Any CPU
		{D2909984-ACBE-4D38-B61A-20B91CED85EB}.Release|Any CPU.ActiveCfg = Release|Any CPU
		{D2909984-ACBE-4D38-B61A-20B91CED85EB}.Release|Any CPU.Build.0 = Release|Any CPU
	EndGlobalSection
	GlobalSection(SolutionProperties) = preSolution
		HideSolutionNode = FALSE
	EndGlobalSection
	GlobalSection(ExtensibilityGlobals) = postSolution
		SolutionGuid = {CAF5D815-4ED5-413E-BB3D-E75F25B77203}
	EndGlobalSection
EndGlobal
